// !$*UTF8*$!
{
	archiveVersion = 1;
	classes = {
	};
	objectVersion = 55;
	objects = {

/* Begin PBXBuildFile section */
		CE69EA132880833D00BFE756 /* ScrumdingerApp.swift in Sources */ = {isa = PBXBuildFile; fileRef = CE69EA122880833D00BFE756 /* ScrumdingerApp.swift */; };
		CE69EA152880833D00BFE756 /* MeetingView.swift in Sources */ = {isa = PBXBuildFile; fileRef = CE69EA142880833D00BFE756 /* MeetingView.swift */; };
		CE69EA172880834000BFE756 /* Assets.xcassets in Resources */ = {isa = PBXBuildFile; fileRef = CE69EA162880834000BFE756 /* Assets.xcassets */; };
		CE69EA1A2880834000BFE756 /* Preview Assets.xcassets in Resources */ = {isa = PBXBuildFile; fileRef = CE69EA192880834000BFE756 /* Preview Assets.xcassets */; };
		CE69EA242880834000BFE756 /* ScrumdingerTests.swift in Sources */ = {isa = PBXBuildFile; fileRef = CE69EA232880834000BFE756 /* ScrumdingerTests.swift */; };
		CE69EA2E2880834000BFE756 /* ScrumdingerUITests.swift in Sources */ = {isa = PBXBuildFile; fileRef = CE69EA2D2880834000BFE756 /* ScrumdingerUITests.swift */; };
		CE69EA302880834000BFE756 /* ScrumdingerUITestsLaunchTests.swift in Sources */ = {isa = PBXBuildFile; fileRef = CE69EA2F2880834000BFE756 /* ScrumdingerUITestsLaunchTests.swift */; };
		CE69EA3E2880BCC800BFE756 /* Theme.swift in Sources */ = {isa = PBXBuildFile; fileRef = CE69EA3D2880BCC800BFE756 /* Theme.swift */; };
		CE69EA402880C24600BFE756 /* DailyScrum.swift in Sources */ = {isa = PBXBuildFile; fileRef = CE69EA3F2880C24600BFE756 /* DailyScrum.swift */; };
		CE69EA422880C3FC00BFE756 /* CardView.swift in Sources */ = {isa = PBXBuildFile; fileRef = CE69EA412880C3FC00BFE756 /* CardView.swift */; };
		CE69EA442880C82200BFE756 /* TrailingIconLabelStyle.swift in Sources */ = {isa = PBXBuildFile; fileRef = CE69EA432880C82200BFE756 /* TrailingIconLabelStyle.swift */; };
		CE7464C62888B5220089E53D /* ScrumsView.swift in Sources */ = {isa = PBXBuildFile; fileRef = CE7464C52888B5220089E53D /* ScrumsView.swift */; };
/* End PBXBuildFile section */

/* Begin PBXContainerItemProxy section */
		CE69EA202880834000BFE756 /* PBXContainerItemProxy */ = {
			isa = PBXContainerItemProxy;
			containerPortal = CE69EA072880833D00BFE756 /* Project object */;
			proxyType = 1;
			remoteGlobalIDString = CE69EA0E2880833D00BFE756;
			remoteInfo = Scrumdinger;
		};
		CE69EA2A2880834000BFE756 /* PBXContainerItemProxy */ = {
			isa = PBXContainerItemProxy;
			containerPortal = CE69EA072880833D00BFE756 /* Project object */;
			proxyType = 1;
			remoteGlobalIDString = CE69EA0E2880833D00BFE756;
			remoteInfo = Scrumdinger;
		};
/* End PBXContainerItemProxy section */

/* Begin PBXFileReference section */
		CE69EA0F2880833D00BFE756 /* Scrumdinger.app */ = {isa = PBXFileReference; explicitFileType = wrapper.application; includeInIndex = 0; path = Scrumdinger.app; sourceTree = BUILT_PRODUCTS_DIR; };
		CE69EA122880833D00BFE756 /* ScrumdingerApp.swift */ = {isa = PBXFileReference; lastKnownFileType = sourcecode.swift; path = ScrumdingerApp.swift; sourceTree = "<group>"; };
		CE69EA142880833D00BFE756 /* MeetingView.swift */ = {isa = PBXFileReference; lastKnownFileType = sourcecode.swift; path = MeetingView.swift; sourceTree = "<group>"; };
		CE69EA162880834000BFE756 /* Assets.xcassets */ = {isa = PBXFileReference; lastKnownFileType = folder.assetcatalog; path = Assets.xcassets; sourceTree = "<group>"; };
		CE69EA192880834000BFE756 /* Preview Assets.xcassets */ = {isa = PBXFileReference; lastKnownFileType = folder.assetcatalog; path = "Preview Assets.xcassets"; sourceTree = "<group>"; };
		CE69EA1F2880834000BFE756 /* ScrumdingerTests.xctest */ = {isa = PBXFileReference; explicitFileType = wrapper.cfbundle; includeInIndex = 0; path = ScrumdingerTests.xctest; sourceTree = BUILT_PRODUCTS_DIR; };
		CE69EA232880834000BFE756 /* ScrumdingerTests.swift */ = {isa = PBXFileReference; lastKnownFileType = sourcecode.swift; path = ScrumdingerTests.swift; sourceTree = "<group>"; };
		CE69EA292880834000BFE756 /* ScrumdingerUITests.xctest */ = {isa = PBXFileReference; explicitFileType = wrapper.cfbundle; includeInIndex = 0; path = ScrumdingerUITests.xctest; sourceTree = BUILT_PRODUCTS_DIR; };
		CE69EA2D2880834000BFE756 /* ScrumdingerUITests.swift */ = {isa = PBXFileReference; lastKnownFileType = sourcecode.swift; path = ScrumdingerUITests.swift; sourceTree = "<group>"; };
		CE69EA2F2880834000BFE756 /* ScrumdingerUITestsLaunchTests.swift */ = {isa = PBXFileReference; lastKnownFileType = sourcecode.swift; path = ScrumdingerUITestsLaunchTests.swift; sourceTree = "<group>"; };
		CE69EA3D2880BCC800BFE756 /* Theme.swift */ = {isa = PBXFileReference; lastKnownFileType = sourcecode.swift; path = Theme.swift; sourceTree = "<group>"; };
		CE69EA3F2880C24600BFE756 /* DailyScrum.swift */ = {isa = PBXFileReference; lastKnownFileType = sourcecode.swift; path = DailyScrum.swift; sourceTree = "<group>"; };
		CE69EA412880C3FC00BFE756 /* CardView.swift */ = {isa = PBXFileReference; lastKnownFileType = sourcecode.swift; path = CardView.swift; sourceTree = "<group>"; };
		CE69EA432880C82200BFE756 /* TrailingIconLabelStyle.swift */ = {isa = PBXFileReference; lastKnownFileType = sourcecode.swift; path = TrailingIconLabelStyle.swift; sourceTree = "<group>"; };
		CE7464C52888B5220089E53D /* ScrumsView.swift */ = {isa = PBXFileReference; lastKnownFileType = sourcecode.swift; path = ScrumsView.swift; sourceTree = "<group>"; };
/* End PBXFileReference section */

/* Begin PBXFrameworksBuildPhase section */
		CE69EA0C2880833D00BFE756 /* Frameworks */ = {
			isa = PBXFrameworksBuildPhase;
			buildActionMask = 2147483647;
			files = (
			);
			runOnlyForDeploymentPostprocessing = 0;
		};
		CE69EA1C2880834000BFE756 /* Frameworks */ = {
			isa = PBXFrameworksBuildPhase;
			buildActionMask = 2147483647;
			files = (
			);
			runOnlyForDeploymentPostprocessing = 0;
		};
		CE69EA262880834000BFE756 /* Frameworks */ = {
			isa = PBXFrameworksBuildPhase;
			buildActionMask = 2147483647;
			files = (
			);
			runOnlyForDeploymentPostprocessing = 0;
		};
/* End PBXFrameworksBuildPhase section */

/* Begin PBXGroup section */
		CE69EA062880833D00BFE756 = {
			isa = PBXGroup;
			children = (
				CE69EA432880C82200BFE756 /* TrailingIconLabelStyle.swift */,
				CE69EA112880833D00BFE756 /* Scrumdinger */,
				CE69EA222880834000BFE756 /* ScrumdingerTests */,
				CE69EA2C2880834000BFE756 /* ScrumdingerUITests */,
				CE69EA102880833D00BFE756 /* Products */,
			);
			sourceTree = "<group>";
		};
		CE69EA102880833D00BFE756 /* Products */ = {
			isa = PBXGroup;
			children = (
				CE69EA0F2880833D00BFE756 /* Scrumdinger.app */,
				CE69EA1F2880834000BFE756 /* ScrumdingerTests.xctest */,
				CE69EA292880834000BFE756 /* ScrumdingerUITests.xctest */,
			);
			name = Products;
			sourceTree = "<group>";
		};
		CE69EA112880833D00BFE756 /* Scrumdinger */ = {
			isa = PBXGroup;
			children = (
				CE69EA3C2880B02E00BFE756 /* Models */,
				CE69EA122880833D00BFE756 /* ScrumdingerApp.swift */,
				CE69EA142880833D00BFE756 /* MeetingView.swift */,
				CE69EA162880834000BFE756 /* Assets.xcassets */,
				CE69EA182880834000BFE756 /* Preview Content */,
				CE69EA412880C3FC00BFE756 /* CardView.swift */,
				CE7464C52888B5220089E53D /* ScrumsView.swift */,
			);
			path = Scrumdinger;
			sourceTree = "<group>";
		};
		CE69EA182880834000BFE756 /* Preview Content */ = {
			isa = PBXGroup;
			children = (
				CE69EA192880834000BFE756 /* Preview Assets.xcassets */,
			);
			path = "Preview Content";
			sourceTree = "<group>";
		};
		CE69EA222880834000BFE756 /* ScrumdingerTests */ = {
			isa = PBXGroup;
			children = (
				CE69EA232880834000BFE756 /* ScrumdingerTests.swift */,
			);
			path = ScrumdingerTests;
			sourceTree = "<group>";
		};
		CE69EA2C2880834000BFE756 /* ScrumdingerUITests */ = {
			isa = PBXGroup;
			children = (
				CE69EA2D2880834000BFE756 /* ScrumdingerUITests.swift */,
				CE69EA2F2880834000BFE756 /* ScrumdingerUITestsLaunchTests.swift */,
			);
			path = ScrumdingerUITests;
			sourceTree = "<group>";
		};
		CE69EA3C2880B02E00BFE756 /* Models */ = {
			isa = PBXGroup;
			children = (
				CE69EA3D2880BCC800BFE756 /* Theme.swift */,
				CE69EA3F2880C24600BFE756 /* DailyScrum.swift */,
			);
			path = Models;
			sourceTree = "<group>";
		};
/* End PBXGroup section */

/* Begin PBXNativeTarget section */
		CE69EA0E2880833D00BFE756 /* Scrumdinger */ = {
			isa = PBXNativeTarget;
			buildConfigurationList = CE69EA332880834000BFE756 /* Build configuration list for PBXNativeTarget "Scrumdinger" */;
			buildPhases = (
				CE69EA0B2880833D00BFE756 /* Sources */,
				CE69EA0C2880833D00BFE756 /* Frameworks */,
				CE69EA0D2880833D00BFE756 /* Resources */,
			);
			buildRules = (
			);
			dependencies = (
			);
			name = Scrumdinger;
			productName = Scrumdinger;
			productReference = CE69EA0F2880833D00BFE756 /* Scrumdinger.app */;
			productType = "com.apple.product-type.application";
		};
		CE69EA1E2880834000BFE756 /* ScrumdingerTests */ = {
			isa = PBXNativeTarget;
			buildConfigurationList = CE69EA362880834000BFE756 /* Build configuration list for PBXNativeTarget "ScrumdingerTests" */;
			buildPhases = (
				CE69EA1B2880834000BFE756 /* Sources */,
				CE69EA1C2880834000BFE756 /* Frameworks */,
				CE69EA1D2880834000BFE756 /* Resources */,
			);
			buildRules = (
			);
			dependencies = (
				CE69EA212880834000BFE756 /* PBXTargetDependency */,
			);
			name = ScrumdingerTests;
			productName = ScrumdingerTests;
			productReference = CE69EA1F2880834000BFE756 /* ScrumdingerTests.xctest */;
			productType = "com.apple.product-type.bundle.unit-test";
		};
		CE69EA282880834000BFE756 /* ScrumdingerUITests */ = {
			isa = PBXNativeTarget;
			buildConfigurationList = CE69EA392880834000BFE756 /* Build configuration list for PBXNativeTarget "ScrumdingerUITests" */;
			buildPhases = (
				CE69EA252880834000BFE756 /* Sources */,
				CE69EA262880834000BFE756 /* Frameworks */,
				CE69EA272880834000BFE756 /* Resources */,
			);
			buildRules = (
			);
			dependencies = (
				CE69EA2B2880834000BFE756 /* PBXTargetDependency */,
			);
			name = ScrumdingerUITests;
			productName = ScrumdingerUITests;
			productReference = CE69EA292880834000BFE756 /* ScrumdingerUITests.xctest */;
			productType = "com.apple.product-type.bundle.ui-testing";
		};
/* End PBXNativeTarget section */

/* Begin PBXProject section */
		CE69EA072880833D00BFE756 /* Project object */ = {
			isa = PBXProject;
			attributes = {
				BuildIndependentTargetsInParallel = 1;
				LastSwiftUpdateCheck = 1340;
				LastUpgradeCheck = 1340;
				TargetAttributes = {
					CE69EA0E2880833D00BFE756 = {
						CreatedOnToolsVersion = 13.4.1;
					};
					CE69EA1E2880834000BFE756 = {
						CreatedOnToolsVersion = 13.4.1;
						TestTargetID = CE69EA0E2880833D00BFE756;
					};
					CE69EA282880834000BFE756 = {
						CreatedOnToolsVersion = 13.4.1;
						TestTargetID = CE69EA0E2880833D00BFE756;
					};
				};
			};
			buildConfigurationList = CE69EA0A2880833D00BFE756 /* Build configuration list for PBXProject "Scrumdinger" */;
			compatibilityVersion = "Xcode 13.0";
			developmentRegion = en;
			hasScannedForEncodings = 0;
			knownRegions = (
				en,
				Base,
			);
			mainGroup = CE69EA062880833D00BFE756;
			productRefGroup = CE69EA102880833D00BFE756 /* Products */;
			projectDirPath = "";
			projectRoot = "";
			targets = (
				CE69EA0E2880833D00BFE756 /* Scrumdinger */,
				CE69EA1E2880834000BFE756 /* ScrumdingerTests */,
				CE69EA282880834000BFE756 /* ScrumdingerUITests */,
			);
		};
/* End PBXProject section */

/* Begin PBXResourcesBuildPhase section */
		CE69EA0D2880833D00BFE756 /* Resources */ = {
			isa = PBXResourcesBuildPhase;
			buildActionMask = 2147483647;
			files = (
				CE69EA1A2880834000BFE756 /* Preview Assets.xcassets in Resources */,
				CE69EA172880834000BFE756 /* Assets.xcassets in Resources */,
			);
			runOnlyForDeploymentPostprocessing = 0;
		};
		CE69EA1D2880834000BFE756 /* Resources */ = {
			isa = PBXResourcesBuildPhase;
			buildActionMask = 2147483647;
			files = (
			);
			runOnlyForDeploymentPostprocessing = 0;
		};
		CE69EA272880834000BFE756 /* Resources */ = {
			isa = PBXResourcesBuildPhase;
			buildActionMask = 2147483647;
			files = (
			);
			runOnlyForDeploymentPostprocessing = 0;
		};
/* End PBXResourcesBuildPhase section */

/* Begin PBXSourcesBuildPhase section */
		CE69EA0B2880833D00BFE756 /* Sources */ = {
			isa = PBXSourcesBuildPhase;
			buildActionMask = 2147483647;
			files = (
				CE69EA402880C24600BFE756 /* DailyScrum.swift in Sources */,
				CE69EA442880C82200BFE756 /* TrailingIconLabelStyle.swift in Sources */,
				CE69EA3E2880BCC800BFE756 /* Theme.swift in Sources */,
				CE7464C62888B5220089E53D /* ScrumsView.swift in Sources */,
				CE69EA152880833D00BFE756 /* MeetingView.swift in Sources */,
				CE69EA132880833D00BFE756 /* ScrumdingerApp.swift in Sources */,
				CE69EA422880C3FC00BFE756 /* CardView.swift in Sources */,
			);
			runOnlyForDeploymentPostprocessing = 0;
		};
		CE69EA1B2880834000BFE756 /* Sources */ = {
			isa = PBXSourcesBuildPhase;
			buildActionMask = 2147483647;
			files = (
				CE69EA242880834000BFE756 /* ScrumdingerTests.swift in Sources */,
			);
			runOnlyForDeploymentPostprocessing = 0;
		};
		CE69EA252880834000BFE756 /* Sources */ = {
			isa = PBXSourcesBuildPhase;
			buildActionMask = 2147483647;
			files = (
				CE69EA302880834000BFE756 /* ScrumdingerUITestsLaunchTests.swift in Sources */,
				CE69EA2E2880834000BFE756 /* ScrumdingerUITests.swift in Sources */,
			);
			runOnlyForDeploymentPostprocessing = 0;
		};
/* End PBXSourcesBuildPhase section */

/* Begin PBXTargetDependency section */
		CE69EA212880834000BFE756 /* PBXTargetDependency */ = {
			isa = PBXTargetDependency;
			target = CE69EA0E2880833D00BFE756 /* Scrumdinger */;
			targetProxy = CE69EA202880834000BFE756 /* PBXContainerItemProxy */;
		};
		CE69EA2B2880834000BFE756 /* PBXTargetDependency */ = {
			isa = PBXTargetDependency;
			target = CE69EA0E2880833D00BFE756 /* Scrumdinger */;
			targetProxy = CE69EA2A2880834000BFE756 /* PBXContainerItemProxy */;
		};
/* End PBXTargetDependency section */

/* Begin XCBuildConfiguration section */
		CE69EA312880834000BFE756 /* Debug */ = {
			isa = XCBuildConfiguration;
			buildSettings = {
				ALWAYS_SEARCH_USER_PATHS = NO;
				CLANG_ANALYZER_NONNULL = YES;
				CLANG_ANALYZER_NUMBER_OBJECT_CONVERSION = YES_AGGRESSIVE;
				CLANG_CXX_LANGUAGE_STANDARD = "gnu++17";
				CLANG_ENABLE_MODULES = YES;
				CLANG_ENABLE_OBJC_ARC = YES;
				CLANG_ENABLE_OBJC_WEAK = YES;
				CLANG_WARN_BLOCK_CAPTURE_AUTORELEASING = YES;
				CLANG_WARN_BOOL_CONVERSION = YES;
				CLANG_WARN_COMMA = YES;
				CLANG_WARN_CONSTANT_CONVERSION = YES;
				CLANG_WARN_DEPRECATED_OBJC_IMPLEMENTATIONS = YES;
				CLANG_WARN_DIRECT_OBJC_ISA_USAGE = YES_ERROR;
				CLANG_WARN_DOCUMENTATION_COMMENTS = YES;
				CLANG_WARN_EMPTY_BODY = YES;
				CLANG_WARN_ENUM_CONVERSION = YES;
				CLANG_WARN_INFINITE_RECURSION = YES;
				CLANG_WARN_INT_CONVERSION = YES;
				CLANG_WARN_NON_LITERAL_NULL_CONVERSION = YES;
				CLANG_WARN_OBJC_IMPLICIT_RETAIN_SELF = YES;
				CLANG_WARN_OBJC_LITERAL_CONVERSION = YES;
				CLANG_WARN_OBJC_ROOT_CLASS = YES_ERROR;
				CLANG_WARN_QUOTED_INCLUDE_IN_FRAMEWORK_HEADER = YES;
				CLANG_WARN_RANGE_LOOP_ANALYSIS = YES;
				CLANG_WARN_STRICT_PROTOTYPES = YES;
				CLANG_WARN_SUSPICIOUS_MOVE = YES;
				CLANG_WARN_UNGUARDED_AVAILABILITY = YES_AGGRESSIVE;
				CLANG_WARN_UNREACHABLE_CODE = YES;
				CLANG_WARN__DUPLICATE_METHOD_MATCH = YES;
				COPY_PHASE_STRIP = NO;
				DEBUG_INFORMATION_FORMAT = dwarf;
				ENABLE_STRICT_OBJC_MSGSEND = YES;
				ENABLE_TESTABILITY = YES;
				GCC_C_LANGUAGE_STANDARD = gnu11;
				GCC_DYNAMIC_NO_PIC = NO;
				GCC_NO_COMMON_BLOCKS = YES;
				GCC_OPTIMIZATION_LEVEL = 0;
				GCC_PREPROCESSOR_DEFINITIONS = (
					"DEBUG=1",
					"$(inherited)",
				);
				GCC_WARN_64_TO_32_BIT_CONVERSION = YES;
				GCC_WARN_ABOUT_RETURN_TYPE = YES_ERROR;
				GCC_WARN_UNDECLARED_SELECTOR = YES;
				GCC_WARN_UNINITIALIZED_AUTOS = YES_AGGRESSIVE;
				GCC_WARN_UNUSED_FUNCTION = YES;
				GCC_WARN_UNUSED_VARIABLE = YES;
				IPHONEOS_DEPLOYMENT_TARGET = 15.5;
				MTL_ENABLE_DEBUG_INFO = INCLUDE_SOURCE;
				MTL_FAST_MATH = YES;
				ONLY_ACTIVE_ARCH = YES;
				SDKROOT = iphoneos;
				SWIFT_ACTIVE_COMPILATION_CONDITIONS = DEBUG;
				SWIFT_OPTIMIZATION_LEVEL = "-Onone";
			};
			name = Debug;
		};
		CE69EA322880834000BFE756 /* Release */ = {
			isa = XCBuildConfiguration;
			buildSettings = {
				ALWAYS_SEARCH_USER_PATHS = NO;
				CLANG_ANALYZER_NONNULL = YES;
				CLANG_ANALYZER_NUMBER_OBJECT_CONVERSION = YES_AGGRESSIVE;
				CLANG_CXX_LANGUAGE_STANDARD = "gnu++17";
				CLANG_ENABLE_MODULES = YES;
				CLANG_ENABLE_OBJC_ARC = YES;
				CLANG_ENABLE_OBJC_WEAK = YES;
				CLANG_WARN_BLOCK_CAPTURE_AUTORELEASING = YES;
				CLANG_WARN_BOOL_CONVERSION = YES;
				CLANG_WARN_COMMA = YES;
				CLANG_WARN_CONSTANT_CONVERSION = YES;
				CLANG_WARN_DEPRECATED_OBJC_IMPLEMENTATIONS = YES;
				CLANG_WARN_DIRECT_OBJC_ISA_USAGE = YES_ERROR;
				CLANG_WARN_DOCUMENTATION_COMMENTS = YES;
				CLANG_WARN_EMPTY_BODY = YES;
				CLANG_WARN_ENUM_CONVERSION = YES;
				CLANG_WARN_INFINITE_RECURSION = YES;
				CLANG_WARN_INT_CONVERSION = YES;
				CLANG_WARN_NON_LITERAL_NULL_CONVERSION = YES;
				CLANG_WARN_OBJC_IMPLICIT_RETAIN_SELF = YES;
				CLANG_WARN_OBJC_LITERAL_CONVERSION = YES;
				CLANG_WARN_OBJC_ROOT_CLASS = YES_ERROR;
				CLANG_WARN_QUOTED_INCLUDE_IN_FRAMEWORK_HEADER = YES;
				CLANG_WARN_RANGE_LOOP_ANALYSIS = YES;
				CLANG_WARN_STRICT_PROTOTYPES = YES;
				CLANG_WARN_SUSPICIOUS_MOVE = YES;
				CLANG_WARN_UNGUARDED_AVAILABILITY = YES_AGGRESSIVE;
				CLANG_WARN_UNREACHABLE_CODE = YES;
				CLANG_WARN__DUPLICATE_METHOD_MATCH = YES;
				COPY_PHASE_STRIP = NO;
				DEBUG_INFORMATION_FORMAT = "dwarf-with-dsym";
				ENABLE_NS_ASSERTIONS = NO;
				ENABLE_STRICT_OBJC_MSGSEND = YES;
				GCC_C_LANGUAGE_STANDARD = gnu11;
				GCC_NO_COMMON_BLOCKS = YES;
				GCC_WARN_64_TO_32_BIT_CONVERSION = YES;
				GCC_WARN_ABOUT_RETURN_TYPE = YES_ERROR;
				GCC_WARN_UNDECLARED_SELECTOR = YES;
				GCC_WARN_UNINITIALIZED_AUTOS = YES_AGGRESSIVE;
				GCC_WARN_UNUSED_FUNCTION = YES;
				GCC_WARN_UNUSED_VARIABLE = YES;
				IPHONEOS_DEPLOYMENT_TARGET = 15.5;
				MTL_ENABLE_DEBUG_INFO = NO;
				MTL_FAST_MATH = YES;
				SDKROOT = iphoneos;
				SWIFT_COMPILATION_MODE = wholemodule;
				SWIFT_OPTIMIZATION_LEVEL = "-O";
				VALIDATE_PRODUCT = YES;
			};
			name = Release;
		};
		CE69EA342880834000BFE756 /* Debug */ = {
			isa = XCBuildConfiguration;
			buildSettings = {
				ASSETCATALOG_COMPILER_APPICON_NAME = AppIcon;
				ASSETCATALOG_COMPILER_GLOBAL_ACCENT_COLOR_NAME = AccentColor;
				CODE_SIGN_STYLE = Automatic;
				CURRENT_PROJECT_VERSION = 1;
				DEVELOPMENT_ASSET_PATHS = "\"Scrumdinger/Preview Content\"";
				DEVELOPMENT_TEAM = YM537DM8Q3;
				ENABLE_PREVIEWS = YES;
				GENERATE_INFOPLIST_FILE = YES;
				INFOPLIST_KEY_UIApplicationSceneManifest_Generation = YES;
				INFOPLIST_KEY_UIApplicationSupportsIndirectInputEvents = YES;
				INFOPLIST_KEY_UILaunchScreen_Generation = YES;
				INFOPLIST_KEY_UISupportedInterfaceOrientations_iPad = "UIInterfaceOrientationPortrait UIInterfaceOrientationPortraitUpsideDown UIInterfaceOrientationLandscapeLeft UIInterfaceOrientationLandscapeRight";
				INFOPLIST_KEY_UISupportedInterfaceOrientations_iPhone = "UIInterfaceOrientationPortrait UIInterfaceOrientationLandscapeLeft UIInterfaceOrientationLandscapeRight";
				LD_RUNPATH_SEARCH_PATHS = (
					"$(inherited)",
					"@executable_path/Frameworks",
				);
				MARKETING_VERSION = 1.0;
				PRODUCT_BUNDLE_IDENTIFIER = com.paskur.Scrumdinger;
				PRODUCT_NAME = "$(TARGET_NAME)";
				SWIFT_EMIT_LOC_STRINGS = YES;
				SWIFT_VERSION = 5.0;
				TARGETED_DEVICE_FAMILY = "1,2";
			};
			name = Debug;
		};
		CE69EA352880834000BFE756 /* Release */ = {
			isa = XCBuildConfiguration;
			buildSettings = {
				ASSETCATALOG_COMPILER_APPICON_NAME = AppIcon;
				ASSETCATALOG_COMPILER_GLOBAL_ACCENT_COLOR_NAME = AccentColor;
				CODE_SIGN_STYLE = Automatic;
				CURRENT_PROJECT_VERSION = 1;
				DEVELOPMENT_ASSET_PATHS = "\"Scrumdinger/Preview Content\"";
				DEVELOPMENT_TEAM = YM537DM8Q3;
				ENABLE_PREVIEWS = YES;
				GENERATE_INFOPLIST_FILE = YES;
				INFOPLIST_KEY_UIApplicationSceneManifest_Generation = YES;
				INFOPLIST_KEY_UIApplicationSupportsIndirectInputEvents = YES;
				INFOPLIST_KEY_UILaunchScreen_Generation = YES;
				INFOPLIST_KEY_UISupportedInterfaceOrientations_iPad = "UIInterfaceOrientationPortrait UIInterfaceOrientationPortraitUpsideDown UIInterfaceOrientationLandscapeLeft UIInterfaceOrientationLandscapeRight";
				INFOPLIST_KEY_UISupportedInterfaceOrientations_iPhone = "UIInterfaceOrientationPortrait UIInterfaceOrientationLandscapeLeft UIInterfaceOrientationLandscapeRight";
				LD_RUNPATH_SEARCH_PATHS = (
					"$(inherited)",
					"@executable_path/Frameworks",
				);
				MARKETING_VERSION = 1.0;
				PRODUCT_BUNDLE_IDENTIFIER = com.paskur.Scrumdinger;
				PRODUCT_NAME = "$(TARGET_NAME)";
				SWIFT_EMIT_LOC_STRINGS = YES;
				SWIFT_VERSION = 5.0;
				TARGETED_DEVICE_FAMILY = "1,2";
			};
			name = Release;
		};
		CE69EA372880834000BFE756 /* Debug */ = {
			isa = XCBuildConfiguration;
			buildSettings = {
				ALWAYS_EMBED_SWIFT_STANDARD_LIBRARIES = YES;
				BUNDLE_LOADER = "$(TEST_HOST)";
				CODE_SIGN_STYLE = Automatic;
				CURRENT_PROJECT_VERSION = 1;
				DEVELOPMENT_TEAM = YM537DM8Q3;
				GENERATE_INFOPLIST_FILE = YES;
				IPHONEOS_DEPLOYMENT_TARGET = 15.5;
				MARKETING_VERSION = 1.0;
				PRODUCT_BUNDLE_IDENTIFIER = com.paskur.ScrumdingerTests;
				PRODUCT_NAME = "$(TARGET_NAME)";
				SWIFT_EMIT_LOC_STRINGS = NO;
				SWIFT_VERSION = 5.0;
				TARGETED_DEVICE_FAMILY = "1,2";
				TEST_HOST = "$(BUILT_PRODUCTS_DIR)/Scrumdinger.app/Scrumdinger";
			};
			name = Debug;
		};
		CE69EA382880834000BFE756 /* Release */ = {
			isa = XCBuildConfiguration;
			buildSettings = {
				ALWAYS_EMBED_SWIFT_STANDARD_LIBRARIES = YES;
				BUNDLE_LOADER = "$(TEST_HOST)";
				CODE_SIGN_STYLE = Automatic;
				CURRENT_PROJECT_VERSION = 1;
				DEVELOPMENT_TEAM = YM537DM8Q3;
				GENERATE_INFOPLIST_FILE = YES;
				IPHONEOS_DEPLOYMENT_TARGET = 15.5;
				MARKETING_VERSION = 1.0;
				PRODUCT_BUNDLE_IDENTIFIER = com.paskur.ScrumdingerTests;
				PRODUCT_NAME = "$(TARGET_NAME)";
				SWIFT_EMIT_LOC_STRINGS = NO;
				SWIFT_VERSION = 5.0;
				TARGETED_DEVICE_FAMILY = "1,2";
				TEST_HOST = "$(BUILT_PRODUCTS_DIR)/Scrumdinger.app/Scrumdinger";
			};
			name = Release;
		};
		CE69EA3A2880834000BFE756 /* Debug */ = {
			isa = XCBuildConfiguration;
			buildSettings = {
				ALWAYS_EMBED_SWIFT_STANDARD_LIBRARIES = YES;
				CODE_SIGN_STYLE = Automatic;
				CURRENT_PROJECT_VERSION = 1;
				DEVELOPMENT_TEAM = YM537DM8Q3;
				GENERATE_INFOPLIST_FILE = YES;
				MARKETING_VERSION = 1.0;
				PRODUCT_BUNDLE_IDENTIFIER = com.paskur.ScrumdingerUITests;
				PRODUCT_NAME = "$(TARGET_NAME)";
				SWIFT_EMIT_LOC_STRINGS = NO;
				SWIFT_VERSION = 5.0;
				TARGETED_DEVICE_FAMILY = "1,2";
				TEST_TARGET_NAME = Scrumdinger;
			};
			name = Debug;
		};
		CE69EA3B2880834000BFE756 /* Release */ = {
			isa = XCBuildConfiguration;
			buildSettings = {
				ALWAYS_EMBED_SWIFT_STANDARD_LIBRARIES = YES;
				CODE_SIGN_STYLE = Automatic;
				CURRENT_PROJECT_VERSION = 1;
				DEVELOPMENT_TEAM = YM537DM8Q3;
				GENERATE_INFOPLIST_FILE = YES;
				MARKETING_VERSION = 1.0;
				PRODUCT_BUNDLE_IDENTIFIER = com.paskur.ScrumdingerUITests;
				PRODUCT_NAME = "$(TARGET_NAME)";
				SWIFT_EMIT_LOC_STRINGS = NO;
				SWIFT_VERSION = 5.0;
				TARGETED_DEVICE_FAMILY = "1,2";
				TEST_TARGET_NAME = Scrumdinger;
			};
			name = Release;
		};
/* End XCBuildConfiguration section */

/* Begin XCConfigurationList section */
		CE69EA0A2880833D00BFE756 /* Build configuration list for PBXProject "Scrumdinger" */ = {
			isa = XCConfigurationList;
			buildConfigurations = (
				CE69EA312880834000BFE756 /* Debug */,
				CE69EA322880834000BFE756 /* Release */,
			);
			defaultConfigurationIsVisible = 0;
			defaultConfigurationName = Release;
		};
		CE69EA332880834000BFE756 /* Build configuration list for PBXNativeTarget "Scrumdinger" */ = {
			isa = XCConfigurationList;
			buildConfigurations = (
				CE69EA342880834000BFE756 /* Debug */,
				CE69EA352880834000BFE756 /* Release */,
			);
			defaultConfigurationIsVisible = 0;
			defaultConfigurationName = Release;
		};
		CE69EA362880834000BFE756 /* Build configuration list for PBXNativeTarget "ScrumdingerTests" */ = {
			isa = XCConfigurationList;
			buildConfigurations = (
				CE69EA372880834000BFE756 /* Debug */,
				CE69EA382880834000BFE756 /* Release */,
			);
			defaultConfigurationIsVisible = 0;
			defaultConfigurationName = Release;
		};
		CE69EA392880834000BFE756 /* Build configuration list for PBXNativeTarget "ScrumdingerUITests" */ = {
			isa = XCConfigurationList;
			buildConfigurations = (
				CE69EA3A2880834000BFE756 /* Debug */,
				CE69EA3B2880834000BFE756 /* Release */,
			);
			defaultConfigurationIsVisible = 0;
			defaultConfigurationName = Release;
		};
/* End XCConfigurationList section */
	};
	rootObject = CE69EA072880833D00BFE756 /* Project object */;
}
